<?xml version="1.0"?>
<!DOCTYPE CodeBlocks_project_file>
<CodeBlocks_project_file>
	<FileVersion major="1" minor="1"/>
	<Project>
		<Option title="2H4U"/>
		<Option makefile="Makefile"/>
		<Option makefile_is_custom="0"/>
		<Option compiler="0"/>
		<Build>
			<Target title="default">
				<Option output="..\2H4U.exe"/>
				<Option working_dir="..\"/>
				<Option object_output="..\objs"/>
				<Option deps_output=".deps"/>
				<Option type="0"/>
				<Option compiler="0"/>
				<Option projectResourceIncludeDirsRelation="0"/>
			</Target>
		</Build>
		<Compiler>
			<Add option="-O2"/>
		</Compiler>
		<Linker>
			<Add option="-s"/>
			<Add library="mingw32"/>
			<Add library="SDLmain"/>
			<Add library="SDL"/>
			<Add library="C:\Program Files\CodeBlocks\mingw32\lib\SDL_image.lib"/>
			<Add library="C:\Program Files\CodeBlocks\mingw32\lib\SDL_ttf.lib"/>
			<Add library="C:\Program Files\CodeBlocks\mingw32\lib\SDL_mixer.lib"/>
		</Linker>
		<Unit filename="ressources.rc">
			<Option compilerVar="WINDRES"/>
			<Option objectName="scripts\ressources.res"/>
			<Option target="default"/>
		</Unit>
		<Unit filename="..\sources\Engine.cpp">
			<Option compilerVar="CPP"/>
			<Option target="default"/>
		</Unit>
		<Unit filename="..\sources\Engine.h">
			<Option compilerVar=""/>
			<Option compile="0"/>
			<Option link="0"/>
			<Option target="default"/>
		</Unit>
		<Unit filename="..\sources\Param.cpp">
			<Option compilerVar="CPP"/>
			<Option target="default"/>
		</Unit>
		<Unit filename="..\sources\Param.h">
			<Option compilerVar=""/>
			<Option compile="0"/>
			<Option link="0"/>
			<Option target="default"/>
		</Unit>
		<Unit filename="..\sources\balle.cpp">
			<Option compilerVar="CPP"/>
			<Option target="default"/>
		</Unit>
		<Unit filename="..\sources\balle.h">
			<Option compilerVar=""/>
			<Option compile="0"/>
			<Option link="0"/>
			<Option target="default"/>
		</Unit>
		<Unit filename="..\sources\bonus.cpp">
			<Option compilerVar="CPP"/>
			<Option target="default"/>
		</Unit>
		<Unit filename="..\sources\bonus.h">
			<Option compilerVar=""/>
			<Option compile="0"/>
			<Option link="0"/>
			<Option target="default"/>
		</Unit>
		<Unit filename="..\sources\brick.cpp">
			<Option compilerVar="CPP"/>
			<Option target="default"/>
		</Unit>
		<Unit filename="..\sources\brick.h">
			<Option compilerVar=""/>
			<Option compile="0"/>
			<Option link="0"/>
			<Option target="default"/>
		</Unit>
		<Unit filename="..\sources\figure.cpp">
			<Option compilerVar="CPP"/>
			<Option target="default"/>
		</Unit>
		<Unit filename="..\sources\figure.h">
			<Option compilerVar=""/>
			<Option compile="0"/>
			<Option link="0"/>
			<Option target="default"/>
		</Unit>
		<Unit filename="..\sources\highscore.cpp">
			<Option compilerVar="CPP"/>
			<Option target="default"/>
		</Unit>
		<Unit filename="..\sources\highscore.h">
			<Option compilerVar=""/>
			<Option compile="0"/>
			<Option link="0"/>
			<Option target="default"/>
		</Unit>
		<Unit filename="..\sources\intro.cpp">
			<Option compilerVar="CPP"/>
			<Option target="default"/>
		</Unit>
		<Unit filename="..\sources\intro.h">
			<Option compilerVar=""/>
			<Option compile="0"/>
			<Option link="0"/>
			<Option target="default"/>
		</Unit>
		<Unit filename="..\sources\jeu.cpp">
			<Option compilerVar="CPP"/>
			<Option target="default"/>
		</Unit>
		<Unit filename="..\sources\jeu.h">
			<Option compilerVar=""/>
			<Option compile="0"/>
			<Option link="0"/>
			<Option target="../sources/default"/>
		</Unit>
		<Unit filename="..\sources\launcher.cpp">
			<Option compilerVar="CPP"/>
			<Option target="default"/>
		</Unit>
		<Unit filename="..\sources\launcher.h">
			<Option compilerVar=""/>
			<Option compile="0"/>
			<Option link="0"/>
			<Option target="default"/>
		</Unit>
		<Unit filename="..\sources\main.cpp">
			<Option compilerVar="CPP"/>
			<Option target="default"/>
		</Unit>
		<Unit filename="..\sources\menu.cpp">
			<Option compilerVar="CPP"/>
			<Option target="default"/>
		</Unit>
		<Unit filename="..\sources\menu.h">
			<Option compilerVar=""/>
			<Option compile="0"/>
			<Option link="0"/>
			<Option target="default"/>
		</Unit>
		<Unit filename="..\sources\sdl_includes.h">
			<Option compilerVar=""/>
			<Option compile="0"/>
			<Option link="0"/>
			<Option target="default"/>
		</Unit>
		<Unit filename="..\sources\son.cpp">
			<Option compilerVar="CPP"/>
			<Option target="default"/>
		</Unit>
		<Unit filename="..\sources\son.h">
			<Option compilerVar=""/>
			<Option compile="0"/>
			<Option link="0"/>
			<Option target="default"/>
		</Unit>
		<Unit filename="..\sources\terrain.cpp">
			<Option compilerVar="CPP"/>
			<Option target="default"/>
		</Unit>
		<Unit filename="..\sources\terrain.h">
			<Option compilerVar=""/>
			<Option compile="0"/>
			<Option link="0"/>
			<Option target="default"/>
		</Unit>
	</Project>
</CodeBlocks_project_file>
